
Microsoft Visual Studio Solution File, Format Version 9.00
# Visual Studio 2005
Project("{8BC9CEB8-8B4A-11D0-8D11-00A0C91BC942}") = "irrNet", "irrNet\irrNet8.0.vcproj", "{C86FC5CF-D592-4D0F-8963-BE13B746473C}"
	ProjectSection(ProjectDependencies) = postProject
		{F36D6045-B5D9-4F53-9E9A-F3CDF539EE7C} = {F36D6045-B5D9-4F53-9E9A-F3CDF539EE7C}
		{60E04481-CDF0-428B-A8EF-CAA6013C82A8} = {60E04481-CDF0-428B-A8EF-CAA6013C82A8}
	EndProjectSection
EndProject
Project("{8BC9CEB8-8B4A-11D0-8D11-00A0C91BC942}") = "irrNetTest", "irrNet\irrNetTest8.0.vcproj", "{B39C6F2E-A660-4927-A311-CED3651DF613}"
	ProjectSection(ProjectDependencies) = postProject
		{F36D6045-B5D9-4F53-9E9A-F3CDF539EE7C} = {F36D6045-B5D9-4F53-9E9A-F3CDF539EE7C}
		{C86FC5CF-D592-4D0F-8963-BE13B746473C} = {C86FC5CF-D592-4D0F-8963-BE13B746473C}
	EndProjectSection
EndProject
Project("{8BC9CEB8-8B4A-11D0-8D11-00A0C91BC942}") = "irrThread", "irrThread\irrThread8.0.vcproj", "{60E04481-CDF0-428B-A8EF-CAA6013C82A8}"
	ProjectSection(ProjectDependencies) = postProject
		{F36D6045-B5D9-4F53-9E9A-F3CDF539EE7C} = {F36D6045-B5D9-4F53-9E9A-F3CDF539EE7C}
	EndProjectSection
EndProject
Project("{8BC9CEB8-8B4A-11D0-8D11-00A0C91BC942}") = "irrRng", "irrRng\irrRng8.0.vcproj", "{FF2B182F-F2C4-46EC-A45A-41A1B289BBA1}"
	ProjectSection(ProjectDependencies) = postProject
		{F36D6045-B5D9-4F53-9E9A-F3CDF539EE7C} = {F36D6045-B5D9-4F53-9E9A-F3CDF539EE7C}
	EndProjectSection
EndProject
Project("{8BC9CEB8-8B4A-11D0-8D11-00A0C91BC942}") = "irrCore", "irrCore\irrCore8.0.vcproj", "{F36D6045-B5D9-4F53-9E9A-F3CDF539EE7C}"
EndProject
Project("{8BC9CEB8-8B4A-11D0-8D11-00A0C91BC942}") = "irrCrypt", "irrCrypt\irrCrypt8.0.vcproj", "{6102A2AF-AE0C-4E80-A7E4-82D85AAE3DA2}"
	ProjectSection(ProjectDependencies) = postProject
		{FF2B182F-F2C4-46EC-A45A-41A1B289BBA1} = {FF2B182F-F2C4-46EC-A45A-41A1B289BBA1}
		{F36D6045-B5D9-4F53-9E9A-F3CDF539EE7C} = {F36D6045-B5D9-4F53-9E9A-F3CDF539EE7C}
		{132534B5-5FD9-48C0-81DC-9E6FEF18313D} = {132534B5-5FD9-48C0-81DC-9E6FEF18313D}
	EndProjectSection
EndProject
Project("{8BC9CEB8-8B4A-11D0-8D11-00A0C91BC942}") = "irrBigNum", "irrBigNum\irrBigNum8.0.vcproj", "{132534B5-5FD9-48C0-81DC-9E6FEF18313D}"
	ProjectSection(ProjectDependencies) = postProject
		{FF2B182F-F2C4-46EC-A45A-41A1B289BBA1} = {FF2B182F-F2C4-46EC-A45A-41A1B289BBA1}
		{F36D6045-B5D9-4F53-9E9A-F3CDF539EE7C} = {F36D6045-B5D9-4F53-9E9A-F3CDF539EE7C}
	EndProjectSection
EndProject
Project("{8BC9CEB8-8B4A-11D0-8D11-00A0C91BC942}") = "irrAudio", "irrAudio\irrAudio8.0.vcproj", "{010DAF53-7749-45C8-A869-86D0FC6B9D9F}"
	ProjectSection(ProjectDependencies) = postProject
		{F36D6045-B5D9-4F53-9E9A-F3CDF539EE7C} = {F36D6045-B5D9-4F53-9E9A-F3CDF539EE7C}
	EndProjectSection
EndProject
Project("{8BC9CEB8-8B4A-11D0-8D11-00A0C91BC942}") = "irrAudioTest", "irrAudio\irrAudioTest8.0.vcproj", "{9C20E2B2-42C7-4FF6-835A-C5920FBB88F7}"
	ProjectSection(ProjectDependencies) = postProject
		{010DAF53-7749-45C8-A869-86D0FC6B9D9F} = {010DAF53-7749-45C8-A869-86D0FC6B9D9F}
	EndProjectSection
EndProject
Project("{8BC9CEB8-8B4A-11D0-8D11-00A0C91BC942}") = "irrlichtFramework", "irrlichtFramework8.0.vcproj", "{6FE61EDF-DE48-4EE6-819F-AD9802223078}"
EndProject
Project("{2150E333-8FDC-42A3-9474-1A3956D46DE8}") = "Solution Items", "Solution Items", "{D881B431-8D37-4ED4-9D16-6210F18B05DD}"
	ProjectSection(SolutionItems) = preProject
		licence.txt = licence.txt
	EndProjectSection
EndProject
Project("{8BC9CEB8-8B4A-11D0-8D11-00A0C91BC942}") = "irrCryptTest", "irrCrypt\irrCryptTest8.0.vcproj", "{24D096B2-3953-4E32-9ACC-0B5A78B4441A}"
EndProject
Project("{8BC9CEB8-8B4A-11D0-8D11-00A0C91BC942}") = "irrDb", "irrDb\irrDb8.0.vcproj", "{7E9D9960-12BE-4811-A192-9DB141C97C7E}"
EndProject
Project("{8BC9CEB8-8B4A-11D0-8D11-00A0C91BC942}") = "irrDbTest", "irrDb\irrDbTest8.0.vcproj", "{C90B704B-C57E-4348-A578-51DBFC7366F5}"
	ProjectSection(ProjectDependencies) = postProject
		{7E9D9960-12BE-4811-A192-9DB141C97C7E} = {7E9D9960-12BE-4811-A192-9DB141C97C7E}
	EndProjectSection
EndProject
Project("{8BC9CEB8-8B4A-11D0-8D11-00A0C91BC942}") = "irrThreadTest", "irrThread\irrThreadTest8.0.vcproj", "{93F2606C-DFF5-4564-89E5-3CB0C4F8CF21}"
EndProject
Project("{8BC9CEB8-8B4A-11D0-8D11-00A0C91BC942}") = "irrCoreTest", "irrCore\irrCoreTest8.0.vcproj", "{8E668B04-0611-41D1-85D8-BD1E26A33172}"
EndProject
Global
	GlobalSection(SolutionConfigurationPlatforms) = preSolution
		Debug|Win32 = Debug|Win32
		Debug|x64 = Debug|x64
		Release|Win32 = Release|Win32
		Release|x64 = Release|x64
	EndGlobalSection
	GlobalSection(ProjectConfigurationPlatforms) = postSolution
		{C86FC5CF-D592-4D0F-8963-BE13B746473C}.Debug|Win32.ActiveCfg = Debug|Win32
		{C86FC5CF-D592-4D0F-8963-BE13B746473C}.Debug|Win32.Build.0 = Debug|Win32
		{C86FC5CF-D592-4D0F-8963-BE13B746473C}.Debug|x64.ActiveCfg = Debug|x64
		{C86FC5CF-D592-4D0F-8963-BE13B746473C}.Debug|x64.Build.0 = Debug|x64
		{C86FC5CF-D592-4D0F-8963-BE13B746473C}.Release|Win32.ActiveCfg = Release|Win32
		{C86FC5CF-D592-4D0F-8963-BE13B746473C}.Release|Win32.Build.0 = Release|Win32
		{C86FC5CF-D592-4D0F-8963-BE13B746473C}.Release|x64.ActiveCfg = Release|x64
		{C86FC5CF-D592-4D0F-8963-BE13B746473C}.Release|x64.Build.0 = Release|x64
		{B39C6F2E-A660-4927-A311-CED3651DF613}.Debug|Win32.ActiveCfg = Debug|Win32
		{B39C6F2E-A660-4927-A311-CED3651DF613}.Debug|Win32.Build.0 = Debug|Win32
		{B39C6F2E-A660-4927-A311-CED3651DF613}.Debug|x64.ActiveCfg = Debug|x64
		{B39C6F2E-A660-4927-A311-CED3651DF613}.Debug|x64.Build.0 = Debug|x64
		{B39C6F2E-A660-4927-A311-CED3651DF613}.Release|Win32.ActiveCfg = Release|Win32
		{B39C6F2E-A660-4927-A311-CED3651DF613}.Release|Win32.Build.0 = Release|Win32
		{B39C6F2E-A660-4927-A311-CED3651DF613}.Release|x64.ActiveCfg = Release|x64
		{B39C6F2E-A660-4927-A311-CED3651DF613}.Release|x64.Build.0 = Release|x64
		{60E04481-CDF0-428B-A8EF-CAA6013C82A8}.Debug|Win32.ActiveCfg = Debug|Win32
		{60E04481-CDF0-428B-A8EF-CAA6013C82A8}.Debug|Win32.Build.0 = Debug|Win32
		{60E04481-CDF0-428B-A8EF-CAA6013C82A8}.Debug|x64.ActiveCfg = Debug|x64
		{60E04481-CDF0-428B-A8EF-CAA6013C82A8}.Debug|x64.Build.0 = Debug|x64
		{60E04481-CDF0-428B-A8EF-CAA6013C82A8}.Release|Win32.ActiveCfg = Release|Win32
		{60E04481-CDF0-428B-A8EF-CAA6013C82A8}.Release|Win32.Build.0 = Release|Win32
		{60E04481-CDF0-428B-A8EF-CAA6013C82A8}.Release|x64.ActiveCfg = Release|x64
		{60E04481-CDF0-428B-A8EF-CAA6013C82A8}.Release|x64.Build.0 = Release|x64
		{FF2B182F-F2C4-46EC-A45A-41A1B289BBA1}.Debug|Win32.ActiveCfg = Debug|Win32
		{FF2B182F-F2C4-46EC-A45A-41A1B289BBA1}.Debug|Win32.Build.0 = Debug|Win32
		{FF2B182F-F2C4-46EC-A45A-41A1B289BBA1}.Debug|x64.ActiveCfg = Debug|x64
		{FF2B182F-F2C4-46EC-A45A-41A1B289BBA1}.Debug|x64.Build.0 = Debug|x64
		{FF2B182F-F2C4-46EC-A45A-41A1B289BBA1}.Release|Win32.ActiveCfg = Release|Win32
		{FF2B182F-F2C4-46EC-A45A-41A1B289BBA1}.Release|Win32.Build.0 = Release|Win32
		{FF2B182F-F2C4-46EC-A45A-41A1B289BBA1}.Release|x64.ActiveCfg = Release|x64
		{FF2B182F-F2C4-46EC-A45A-41A1B289BBA1}.Release|x64.Build.0 = Release|x64
		{F36D6045-B5D9-4F53-9E9A-F3CDF539EE7C}.Debug|Win32.ActiveCfg = Debug|Win32
		{F36D6045-B5D9-4F53-9E9A-F3CDF539EE7C}.Debug|Win32.Build.0 = Debug|Win32
		{F36D6045-B5D9-4F53-9E9A-F3CDF539EE7C}.Debug|x64.ActiveCfg = Debug|x64
		{F36D6045-B5D9-4F53-9E9A-F3CDF539EE7C}.Debug|x64.Build.0 = Debug|x64
		{F36D6045-B5D9-4F53-9E9A-F3CDF539EE7C}.Release|Win32.ActiveCfg = Release|Win32
		{F36D6045-B5D9-4F53-9E9A-F3CDF539EE7C}.Release|Win32.Build.0 = Release|Win32
		{F36D6045-B5D9-4F53-9E9A-F3CDF539EE7C}.Release|x64.ActiveCfg = Release|x64
		{F36D6045-B5D9-4F53-9E9A-F3CDF539EE7C}.Release|x64.Build.0 = Release|x64
		{6102A2AF-AE0C-4E80-A7E4-82D85AAE3DA2}.Debug|Win32.ActiveCfg = Debug|Win32
		{6102A2AF-AE0C-4E80-A7E4-82D85AAE3DA2}.Debug|Win32.Build.0 = Debug|Win32
		{6102A2AF-AE0C-4E80-A7E4-82D85AAE3DA2}.Debug|x64.ActiveCfg = Debug|x64
		{6102A2AF-AE0C-4E80-A7E4-82D85AAE3DA2}.Debug|x64.Build.0 = Debug|x64
		{6102A2AF-AE0C-4E80-A7E4-82D85AAE3DA2}.Release|Win32.ActiveCfg = Release|Win32
		{6102A2AF-AE0C-4E80-A7E4-82D85AAE3DA2}.Release|Win32.Build.0 = Release|Win32
		{6102A2AF-AE0C-4E80-A7E4-82D85AAE3DA2}.Release|x64.ActiveCfg = Release|x64
		{6102A2AF-AE0C-4E80-A7E4-82D85AAE3DA2}.Release|x64.Build.0 = Release|x64
		{132534B5-5FD9-48C0-81DC-9E6FEF18313D}.Debug|Win32.ActiveCfg = Debug|Win32
		{132534B5-5FD9-48C0-81DC-9E6FEF18313D}.Debug|Win32.Build.0 = Debug|Win32
		{132534B5-5FD9-48C0-81DC-9E6FEF18313D}.Debug|x64.ActiveCfg = Debug|x64
		{132534B5-5FD9-48C0-81DC-9E6FEF18313D}.Debug|x64.Build.0 = Debug|x64
		{132534B5-5FD9-48C0-81DC-9E6FEF18313D}.Release|Win32.ActiveCfg = Release|Win32
		{132534B5-5FD9-48C0-81DC-9E6FEF18313D}.Release|Win32.Build.0 = Release|Win32
		{132534B5-5FD9-48C0-81DC-9E6FEF18313D}.Release|x64.ActiveCfg = Release|x64
		{132534B5-5FD9-48C0-81DC-9E6FEF18313D}.Release|x64.Build.0 = Release|x64
		{010DAF53-7749-45C8-A869-86D0FC6B9D9F}.Debug|Win32.ActiveCfg = Debug|Win32
		{010DAF53-7749-45C8-A869-86D0FC6B9D9F}.Debug|Win32.Build.0 = Debug|Win32
		{010DAF53-7749-45C8-A869-86D0FC6B9D9F}.Debug|x64.ActiveCfg = Debug|x64
		{010DAF53-7749-45C8-A869-86D0FC6B9D9F}.Debug|x64.Build.0 = Debug|x64
		{010DAF53-7749-45C8-A869-86D0FC6B9D9F}.Release|Win32.ActiveCfg = Release|Win32
		{010DAF53-7749-45C8-A869-86D0FC6B9D9F}.Release|Win32.Build.0 = Release|Win32
		{010DAF53-7749-45C8-A869-86D0FC6B9D9F}.Release|x64.ActiveCfg = Release|x64
		{010DAF53-7749-45C8-A869-86D0FC6B9D9F}.Release|x64.Build.0 = Release|x64
		{9C20E2B2-42C7-4FF6-835A-C5920FBB88F7}.Debug|Win32.ActiveCfg = Debug|Win32
		{9C20E2B2-42C7-4FF6-835A-C5920FBB88F7}.Debug|Win32.Build.0 = Debug|Win32
		{9C20E2B2-42C7-4FF6-835A-C5920FBB88F7}.Debug|x64.ActiveCfg = Debug|Win32
		{9C20E2B2-42C7-4FF6-835A-C5920FBB88F7}.Release|Win32.ActiveCfg = Release|Win32
		{9C20E2B2-42C7-4FF6-835A-C5920FBB88F7}.Release|Win32.Build.0 = Release|Win32
		{9C20E2B2-42C7-4FF6-835A-C5920FBB88F7}.Release|x64.ActiveCfg = Release|Win32
		{6FE61EDF-DE48-4EE6-819F-AD9802223078}.Debug|Win32.ActiveCfg = Debug|Win32
		{6FE61EDF-DE48-4EE6-819F-AD9802223078}.Debug|Win32.Build.0 = Debug|Win32
		{6FE61EDF-DE48-4EE6-819F-AD9802223078}.Debug|x64.ActiveCfg = Debug|Win32
		{6FE61EDF-DE48-4EE6-819F-AD9802223078}.Release|Win32.ActiveCfg = Release|Win32
		{6FE61EDF-DE48-4EE6-819F-AD9802223078}.Release|Win32.Build.0 = Release|Win32
		{6FE61EDF-DE48-4EE6-819F-AD9802223078}.Release|x64.ActiveCfg = Release|Win32
		{24D096B2-3953-4E32-9ACC-0B5A78B4441A}.Debug|Win32.ActiveCfg = Debug|Win32
		{24D096B2-3953-4E32-9ACC-0B5A78B4441A}.Debug|Win32.Build.0 = Debug|Win32
		{24D096B2-3953-4E32-9ACC-0B5A78B4441A}.Debug|x64.ActiveCfg = Debug|Win32
		{24D096B2-3953-4E32-9ACC-0B5A78B4441A}.Release|Win32.ActiveCfg = Release|Win32
		{24D096B2-3953-4E32-9ACC-0B5A78B4441A}.Release|Win32.Build.0 = Release|Win32
		{24D096B2-3953-4E32-9ACC-0B5A78B4441A}.Release|x64.ActiveCfg = Release|Win32
		{7E9D9960-12BE-4811-A192-9DB141C97C7E}.Debug|Win32.ActiveCfg = Debug|Win32
		{7E9D9960-12BE-4811-A192-9DB141C97C7E}.Debug|Win32.Build.0 = Debug|Win32
		{7E9D9960-12BE-4811-A192-9DB141C97C7E}.Debug|x64.ActiveCfg = Debug|Win32
		{7E9D9960-12BE-4811-A192-9DB141C97C7E}.Release|Win32.ActiveCfg = Release|Win32
		{7E9D9960-12BE-4811-A192-9DB141C97C7E}.Release|Win32.Build.0 = Release|Win32
		{7E9D9960-12BE-4811-A192-9DB141C97C7E}.Release|x64.ActiveCfg = Release|Win32
		{C90B704B-C57E-4348-A578-51DBFC7366F5}.Debug|Win32.ActiveCfg = Debug|Win32
		{C90B704B-C57E-4348-A578-51DBFC7366F5}.Debug|Win32.Build.0 = Debug|Win32
		{C90B704B-C57E-4348-A578-51DBFC7366F5}.Debug|x64.ActiveCfg = Debug|Win32
		{C90B704B-C57E-4348-A578-51DBFC7366F5}.Release|Win32.ActiveCfg = Release|Win32
		{C90B704B-C57E-4348-A578-51DBFC7366F5}.Release|Win32.Build.0 = Release|Win32
		{C90B704B-C57E-4348-A578-51DBFC7366F5}.Release|x64.ActiveCfg = Release|Win32
		{93F2606C-DFF5-4564-89E5-3CB0C4F8CF21}.Debug|Win32.ActiveCfg = Debug|Win32
		{93F2606C-DFF5-4564-89E5-3CB0C4F8CF21}.Debug|Win32.Build.0 = Debug|Win32
		{93F2606C-DFF5-4564-89E5-3CB0C4F8CF21}.Debug|x64.ActiveCfg = Debug|Win32
		{93F2606C-DFF5-4564-89E5-3CB0C4F8CF21}.Release|Win32.ActiveCfg = Release|Win32
		{93F2606C-DFF5-4564-89E5-3CB0C4F8CF21}.Release|Win32.Build.0 = Release|Win32
		{93F2606C-DFF5-4564-89E5-3CB0C4F8CF21}.Release|x64.ActiveCfg = Release|Win32
		{8E668B04-0611-41D1-85D8-BD1E26A33172}.Debug|Win32.ActiveCfg = Debug|Win32
		{8E668B04-0611-41D1-85D8-BD1E26A33172}.Debug|Win32.Build.0 = Debug|Win32
		{8E668B04-0611-41D1-85D8-BD1E26A33172}.Debug|x64.ActiveCfg = Debug|Win32
		{8E668B04-0611-41D1-85D8-BD1E26A33172}.Release|Win32.ActiveCfg = Release|Win32
		{8E668B04-0611-41D1-85D8-BD1E26A33172}.Release|Win32.Build.0 = Release|Win32
		{8E668B04-0611-41D1-85D8-BD1E26A33172}.Release|x64.ActiveCfg = Release|Win32
	EndGlobalSection
	GlobalSection(SolutionProperties) = preSolution
		HideSolutionNode = FALSE
	EndGlobalSection
EndGlobal
