
Microsoft Visual Studio Solution File, Format Version 9.00
# Visual Studio 2005
Project("{8BC9CEB8-8B4A-11D0-8D11-00A0C91BC942}") = "AdenaLib", "AdenaLib\AdenaLib.vcproj", "{8EB62BB3-C0A5-4BA2-B166-96C41E085F9B}"
EndProject
Project("{8BC9CEB8-8B4A-11D0-8D11-00A0C91BC942}") = "L2Adena", "L2Adena\L2Adena.vcproj", "{80212182-9614-442F-91E3-A0E06ECB9317}"
	ProjectSection(ProjectDependencies) = postProject
		{8EB62BB3-C0A5-4BA2-B166-96C41E085F9B} = {8EB62BB3-C0A5-4BA2-B166-96C41E085F9B}
	EndProjectSection
EndProject
Project("{8BC9CEB8-8B4A-11D0-8D11-00A0C91BC942}") = "Engine", "Engine\Engine.vcproj", "{ACAF530F-3120-486D-9ADA-2AC22D25596D}"
	ProjectSection(ProjectDependencies) = postProject
		{8EB62BB3-C0A5-4BA2-B166-96C41E085F9B} = {8EB62BB3-C0A5-4BA2-B166-96C41E085F9B}
	EndProjectSection
EndProject
Global
	GlobalSection(SolutionConfigurationPlatforms) = preSolution
		Debug|Win32 = Debug|Win32
		Release|Win32 = Release|Win32
	EndGlobalSection
	GlobalSection(ProjectConfigurationPlatforms) = postSolution
		{8EB62BB3-C0A5-4BA2-B166-96C41E085F9B}.Debug|Win32.ActiveCfg = Debug|Win32
		{8EB62BB3-C0A5-4BA2-B166-96C41E085F9B}.Debug|Win32.Build.0 = Debug|Win32
		{8EB62BB3-C0A5-4BA2-B166-96C41E085F9B}.Release|Win32.ActiveCfg = Release|Win32
		{8EB62BB3-C0A5-4BA2-B166-96C41E085F9B}.Release|Win32.Build.0 = Release|Win32
		{80212182-9614-442F-91E3-A0E06ECB9317}.Debug|Win32.ActiveCfg = Debug|Win32
		{80212182-9614-442F-91E3-A0E06ECB9317}.Debug|Win32.Build.0 = Debug|Win32
		{80212182-9614-442F-91E3-A0E06ECB9317}.Release|Win32.ActiveCfg = Release|Win32
		{80212182-9614-442F-91E3-A0E06ECB9317}.Release|Win32.Build.0 = Release|Win32
		{ACAF530F-3120-486D-9ADA-2AC22D25596D}.Debug|Win32.ActiveCfg = Debug|Win32
		{ACAF530F-3120-486D-9ADA-2AC22D25596D}.Debug|Win32.Build.0 = Debug|Win32
		{ACAF530F-3120-486D-9ADA-2AC22D25596D}.Release|Win32.ActiveCfg = Release|Win32
		{ACAF530F-3120-486D-9ADA-2AC22D25596D}.Release|Win32.Build.0 = Release|Win32
	EndGlobalSection
	GlobalSection(SolutionProperties) = preSolution
		HideSolutionNode = FALSE
	EndGlobalSection
EndGlobal
